// !$*UTF8*$!
{
	archiveVersion = 1;
	classes = {
	};
	objectVersion = 48;
	objects = {

/* Begin PBXBuildFile section */
		E97A472544FFB8EF483A7817 /* Pods_Cabbie.framework in Frameworks */ = {isa = PBXBuildFile; fileRef = 7B6DF52E67A85BCDE9146E96 /* Pods_Cabbie.framework */; };
		F0608A041FA6652F00C22E11 /* GradientView.swift in Sources */ = {isa = PBXBuildFile; fileRef = F0608A031FA6652F00C22E11 /* GradientView.swift */; };
		F0608A061FA672D000C22E11 /* RoundImageView.swift in Sources */ = {isa = PBXBuildFile; fileRef = F0608A051FA672D000C22E11 /* RoundImageView.swift */; };
		F0608A081FA673D500C22E11 /* RoundedShadowView.swift in Sources */ = {isa = PBXBuildFile; fileRef = F0608A071FA673D500C22E11 /* RoundedShadowView.swift */; };
		F0608A0A1FA6755B00C22E11 /* CircleView.swift in Sources */ = {isa = PBXBuildFile; fileRef = F0608A091FA6755B00C22E11 /* CircleView.swift */; };
		F0608A0C1FA677BE00C22E11 /* RoundedShadowButton.swift in Sources */ = {isa = PBXBuildFile; fileRef = F0608A0B1FA677BE00C22E11 /* RoundedShadowButton.swift */; };
		F09922541F40A43B001B4BCC /* AppDelegate.swift in Sources */ = {isa = PBXBuildFile; fileRef = F09922531F40A43B001B4BCC /* AppDelegate.swift */; };
		F09922561F40A43B001B4BCC /* ViewController.swift in Sources */ = {isa = PBXBuildFile; fileRef = F09922551F40A43B001B4BCC /* ViewController.swift */; };
		F09922591F40A43B001B4BCC /* Main.storyboard in Resources */ = {isa = PBXBuildFile; fileRef = F09922571F40A43B001B4BCC /* Main.storyboard */; };
		F099225C1F40A43B001B4BCC /* Cabbie.xcdatamodeld in Sources */ = {isa = PBXBuildFile; fileRef = F099225A1F40A43B001B4BCC /* Cabbie.xcdatamodeld */; };
		F099225E1F40A43B001B4BCC /* Assets.xcassets in Resources */ = {isa = PBXBuildFile; fileRef = F099225D1F40A43B001B4BCC /* Assets.xcassets */; };
		F09922611F40A43B001B4BCC /* LaunchScreen.storyboard in Resources */ = {isa = PBXBuildFile; fileRef = F099225F1F40A43B001B4BCC /* LaunchScreen.storyboard */; };
/* End PBXBuildFile section */

/* Begin PBXFileReference section */
		36D77387B17C4458DC39141D /* Pods-Cabbie.debug.xcconfig */ = {isa = PBXFileReference; includeInIndex = 1; lastKnownFileType = text.xcconfig; name = "Pods-Cabbie.debug.xcconfig"; path = "Pods/Target Support Files/Pods-Cabbie/Pods-Cabbie.debug.xcconfig"; sourceTree = "<group>"; };
		7B6DF52E67A85BCDE9146E96 /* Pods_Cabbie.framework */ = {isa = PBXFileReference; explicitFileType = wrapper.framework; includeInIndex = 0; path = Pods_Cabbie.framework; sourceTree = BUILT_PRODUCTS_DIR; };
		F0608A031FA6652F00C22E11 /* GradientView.swift */ = {isa = PBXFileReference; lastKnownFileType = sourcecode.swift; path = GradientView.swift; sourceTree = "<group>"; };
		F0608A051FA672D000C22E11 /* RoundImageView.swift */ = {isa = PBXFileReference; lastKnownFileType = sourcecode.swift; path = RoundImageView.swift; sourceTree = "<group>"; };
		F0608A071FA673D500C22E11 /* RoundedShadowView.swift */ = {isa = PBXFileReference; lastKnownFileType = sourcecode.swift; path = RoundedShadowView.swift; sourceTree = "<group>"; };
		F0608A091FA6755B00C22E11 /* CircleView.swift */ = {isa = PBXFileReference; lastKnownFileType = sourcecode.swift; path = CircleView.swift; sourceTree = "<group>"; };
		F0608A0B1FA677BE00C22E11 /* RoundedShadowButton.swift */ = {isa = PBXFileReference; lastKnownFileType = sourcecode.swift; path = RoundedShadowButton.swift; sourceTree = "<group>"; };
		F09922501F40A43B001B4BCC /* Cabbie.app */ = {isa = PBXFileReference; explicitFileType = wrapper.application; includeInIndex = 0; path = Cabbie.app; sourceTree = BUILT_PRODUCTS_DIR; };
		F09922531F40A43B001B4BCC /* AppDelegate.swift */ = {isa = PBXFileReference; lastKnownFileType = sourcecode.swift; path = AppDelegate.swift; sourceTree = "<group>"; };
		F09922551F40A43B001B4BCC /* ViewController.swift */ = {isa = PBXFileReference; lastKnownFileType = sourcecode.swift; path = ViewController.swift; sourceTree = "<group>"; };
		F09922581F40A43B001B4BCC /* Base */ = {isa = PBXFileReference; lastKnownFileType = file.storyboard; name = Base; path = Base.lproj/Main.storyboard; sourceTree = "<group>"; };
		F099225B1F40A43B001B4BCC /* Cabbie.xcdatamodel */ = {isa = PBXFileReference; lastKnownFileType = wrapper.xcdatamodel; path = Cabbie.xcdatamodel; sourceTree = "<group>"; };
		F099225D1F40A43B001B4BCC /* Assets.xcassets */ = {isa = PBXFileReference; lastKnownFileType = folder.assetcatalog; path = Assets.xcassets; sourceTree = "<group>"; };
		F09922601F40A43B001B4BCC /* Base */ = {isa = PBXFileReference; lastKnownFileType = file.storyboard; name = Base; path = Base.lproj/LaunchScreen.storyboard; sourceTree = "<group>"; };
		F09922621F40A43B001B4BCC /* Info.plist */ = {isa = PBXFileReference; lastKnownFileType = text.plist.xml; path = Info.plist; sourceTree = "<group>"; };
		FC08375AE6897D79A983E558 /* Pods-Cabbie.release.xcconfig */ = {isa = PBXFileReference; includeInIndex = 1; lastKnownFileType = text.xcconfig; name = "Pods-Cabbie.release.xcconfig"; path = "Pods/Target Support Files/Pods-Cabbie/Pods-Cabbie.release.xcconfig"; sourceTree = "<group>"; };
/* End PBXFileReference section */

/* Begin PBXFrameworksBuildPhase section */
		F099224D1F40A43B001B4BCC /* Frameworks */ = {
			isa = PBXFrameworksBuildPhase;
			buildActionMask = 2147483647;
			files = (
				E97A472544FFB8EF483A7817 /* Pods_Cabbie.framework in Frameworks */,
			);
			runOnlyForDeploymentPostprocessing = 0;
		};
/* End PBXFrameworksBuildPhase section */

/* Begin PBXGroup section */
		1C02695C3E87A579C9121C53 /* Frameworks */ = {
			isa = PBXGroup;
			children = (
				7B6DF52E67A85BCDE9146E96 /* Pods_Cabbie.framework */,
			);
			name = Frameworks;
			sourceTree = "<group>";
		};
		F0608A001FA664D800C22E11 /* Controller */ = {
			isa = PBXGroup;
			children = (
			);
			path = Controller;
			sourceTree = "<group>";
		};
		F0608A011FA664E200C22E11 /* View */ = {
			isa = PBXGroup;
			children = (
				F0608A031FA6652F00C22E11 /* GradientView.swift */,
				F0608A051FA672D000C22E11 /* RoundImageView.swift */,
				F0608A071FA673D500C22E11 /* RoundedShadowView.swift */,
				F0608A091FA6755B00C22E11 /* CircleView.swift */,
				F0608A0B1FA677BE00C22E11 /* RoundedShadowButton.swift */,
			);
			path = View;
			sourceTree = "<group>";
		};
		F0608A021FA664ED00C22E11 /* Model */ = {
			isa = PBXGroup;
			children = (
			);
			path = Model;
			sourceTree = "<group>";
		};
		F09922471F40A43B001B4BCC = {
			isa = PBXGroup;
			children = (
				F09922521F40A43B001B4BCC /* Cabbie */,
				F09922511F40A43B001B4BCC /* Products */,
				FADEB8DAF1A04C5AA031E28B /* Pods */,
				1C02695C3E87A579C9121C53 /* Frameworks */,
			);
			sourceTree = "<group>";
		};
		F09922511F40A43B001B4BCC /* Products */ = {
			isa = PBXGroup;
			children = (
				F09922501F40A43B001B4BCC /* Cabbie.app */,
			);
			name = Products;
			sourceTree = "<group>";
		};
		F09922521F40A43B001B4BCC /* Cabbie */ = {
			isa = PBXGroup;
			children = (
				F0608A021FA664ED00C22E11 /* Model */,
				F0608A011FA664E200C22E11 /* View */,
				F0608A001FA664D800C22E11 /* Controller */,
				F09922531F40A43B001B4BCC /* AppDelegate.swift */,
				F09922551F40A43B001B4BCC /* ViewController.swift */,
				F09922571F40A43B001B4BCC /* Main.storyboard */,
				F099225D1F40A43B001B4BCC /* Assets.xcassets */,
				F099225F1F40A43B001B4BCC /* LaunchScreen.storyboard */,
				F09922621F40A43B001B4BCC /* Info.plist */,
				F099225A1F40A43B001B4BCC /* Cabbie.xcdatamodeld */,
			);
			path = Cabbie;
			sourceTree = "<group>";
		};
		FADEB8DAF1A04C5AA031E28B /* Pods */ = {
			isa = PBXGroup;
			children = (
				36D77387B17C4458DC39141D /* Pods-Cabbie.debug.xcconfig */,
				FC08375AE6897D79A983E558 /* Pods-Cabbie.release.xcconfig */,
			);
			name = Pods;
			sourceTree = "<group>";
		};
/* End PBXGroup section */

/* Begin PBXNativeTarget section */
		F099224F1F40A43B001B4BCC /* Cabbie */ = {
			isa = PBXNativeTarget;
			buildConfigurationList = F09922651F40A43B001B4BCC /* Build configuration list for PBXNativeTarget "Cabbie" */;
			buildPhases = (
				BEDF2A3093A2FA868A4366D7 /* [CP] Check Pods Manifest.lock */,
				F099224C1F40A43B001B4BCC /* Sources */,
				F099224D1F40A43B001B4BCC /* Frameworks */,
				F099224E1F40A43B001B4BCC /* Resources */,
				50747E9F5BDD22762D2F2A60 /* [CP] Embed Pods Frameworks */,
				6DC40BCFAD2ECF46138CFF77 /* [CP] Copy Pods Resources */,
			);
			buildRules = (
			);
			dependencies = (
			);
			name = Cabbie;
			productName = Cabbie;
			productReference = F09922501F40A43B001B4BCC /* Cabbie.app */;
			productType = "com.apple.product-type.application";
		};
/* End PBXNativeTarget section */

/* Begin PBXProject section */
		F09922481F40A43B001B4BCC /* Project object */ = {
			isa = PBXProject;
			attributes = {
				LastSwiftUpdateCheck = 0900;
				LastUpgradeCheck = 0900;
				ORGANIZATIONNAME = CVBuilts;
				TargetAttributes = {
					F099224F1F40A43B001B4BCC = {
						CreatedOnToolsVersion = 9.0;
					};
				};
			};
			buildConfigurationList = F099224B1F40A43B001B4BCC /* Build configuration list for PBXProject "Cabbie" */;
			compatibilityVersion = "Xcode 8.0";
			developmentRegion = en;
			hasScannedForEncodings = 0;
			knownRegions = (
				en,
				Base,
			);
			mainGroup = F09922471F40A43B001B4BCC;
			productRefGroup = F09922511F40A43B001B4BCC /* Products */;
			projectDirPath = "";
			projectRoot = "";
			targets = (
				F099224F1F40A43B001B4BCC /* Cabbie */,
			);
		};
/* End PBXProject section */

/* Begin PBXResourcesBuildPhase section */
		F099224E1F40A43B001B4BCC /* Resources */ = {
			isa = PBXResourcesBuildPhase;
			buildActionMask = 2147483647;
			files = (
				F09922611F40A43B001B4BCC /* LaunchScreen.storyboard in Resources */,
				F099225E1F40A43B001B4BCC /* Assets.xcassets in Resources */,
				F09922591F40A43B001B4BCC /* Main.storyboard in Resources */,
			);
			runOnlyForDeploymentPostprocessing = 0;
		};
/* End PBXResourcesBuildPhase section */

/* Begin PBXShellScriptBuildPhase section */
		50747E9F5BDD22762D2F2A60 /* [CP] Embed Pods Frameworks */ = {
			isa = PBXShellScriptBuildPhase;
			buildActionMask = 2147483647;
			files = (
			);
			inputPaths = (
			);
			name = "[CP] Embed Pods Frameworks";
			outputPaths = (
			);
			runOnlyForDeploymentPostprocessing = 0;
			shellPath = /bin/sh;
			shellScript = "\"${SRCROOT}/Pods/Target Support Files/Pods-Cabbie/Pods-Cabbie-frameworks.sh\"\n";
			showEnvVarsInLog = 0;
		};
		6DC40BCFAD2ECF46138CFF77 /* [CP] Copy Pods Resources */ = {
			isa = PBXShellScriptBuildPhase;
			buildActionMask = 2147483647;
			files = (
			);
			inputPaths = (
			);
			name = "[CP] Copy Pods Resources";
			outputPaths = (
			);
			runOnlyForDeploymentPostprocessing = 0;
			shellPath = /bin/sh;
			shellScript = "\"${SRCROOT}/Pods/Target Support Files/Pods-Cabbie/Pods-Cabbie-resources.sh\"\n";
			showEnvVarsInLog = 0;
		};
		BEDF2A3093A2FA868A4366D7 /* [CP] Check Pods Manifest.lock */ = {
			isa = PBXShellScriptBuildPhase;
			buildActionMask = 2147483647;
			files = (
			);
			inputPaths = (
			);
			name = "[CP] Check Pods Manifest.lock";
			outputPaths = (
			);
			runOnlyForDeploymentPostprocessing = 0;
			shellPath = /bin/sh;
			shellScript = "diff \"${PODS_PODFILE_DIR_PATH}/Podfile.lock\" \"${PODS_ROOT}/Manifest.lock\" > /dev/null\nif [ $? != 0 ] ; then\n    # print error to STDERR\n    echo \"error: The sandbox is not in sync with the Podfile.lock. Run 'pod install' or update your CocoaPods installation.\" >&2\n    exit 1\nfi\n";
			showEnvVarsInLog = 0;
		};
/* End PBXShellScriptBuildPhase section */

/* Begin PBXSourcesBuildPhase section */
		F099224C1F40A43B001B4BCC /* Sources */ = {
			isa = PBXSourcesBuildPhase;
			buildActionMask = 2147483647;
			files = (
				F0608A061FA672D000C22E11 /* RoundImageView.swift in Sources */,
				F099225C1F40A43B001B4BCC /* Cabbie.xcdatamodeld in Sources */,
				F0608A081FA673D500C22E11 /* RoundedShadowView.swift in Sources */,
				F09922561F40A43B001B4BCC /* ViewController.swift in Sources */,
				F0608A041FA6652F00C22E11 /* GradientView.swift in Sources */,
				F0608A0A1FA6755B00C22E11 /* CircleView.swift in Sources */,
				F09922541F40A43B001B4BCC /* AppDelegate.swift in Sources */,
				F0608A0C1FA677BE00C22E11 /* RoundedShadowButton.swift in Sources */,
			);
			runOnlyForDeploymentPostprocessing = 0;
		};
/* End PBXSourcesBuildPhase section */

/* Begin PBXVariantGroup section */
		F09922571F40A43B001B4BCC /* Main.storyboard */ = {
			isa = PBXVariantGroup;
			children = (
				F09922581F40A43B001B4BCC /* Base */,
			);
			name = Main.storyboard;
			sourceTree = "<group>";
		};
		F099225F1F40A43B001B4BCC /* LaunchScreen.storyboard */ = {
			isa = PBXVariantGroup;
			children = (
				F09922601F40A43B001B4BCC /* Base */,
			);
			name = LaunchScreen.storyboard;
			sourceTree = "<group>";
		};
/* End PBXVariantGroup section */

/* Begin XCBuildConfiguration section */
		F09922631F40A43B001B4BCC /* Debug */ = {
			isa = XCBuildConfiguration;
			buildSettings = {
				ALWAYS_SEARCH_USER_PATHS = NO;
				CLANG_ANALYZER_NONNULL = YES;
				CLANG_ANALYZER_NUMBER_OBJECT_CONVERSION = YES_AGGRESSIVE;
				CLANG_CXX_LANGUAGE_STANDARD = "gnu++14";
				CLANG_CXX_LIBRARY = "libc++";
				CLANG_ENABLE_MODULES = YES;
				CLANG_ENABLE_OBJC_ARC = YES;
				CLANG_WARN_BLOCK_CAPTURE_AUTORELEASING = YES;
				CLANG_WARN_BOOL_CONVERSION = YES;
				CLANG_WARN_COMMA = YES;
				CLANG_WARN_CONSTANT_CONVERSION = YES;
				CLANG_WARN_DIRECT_OBJC_ISA_USAGE = YES_ERROR;
				CLANG_WARN_DOCUMENTATION_COMMENTS = YES;
				CLANG_WARN_EMPTY_BODY = YES;
				CLANG_WARN_ENUM_CONVERSION = YES;
				CLANG_WARN_INFINITE_RECURSION = YES;
				CLANG_WARN_INT_CONVERSION = YES;
				CLANG_WARN_NON_LITERAL_NULL_CONVERSION = YES;
				CLANG_WARN_OBJC_LITERAL_CONVERSION = YES;
				CLANG_WARN_OBJC_ROOT_CLASS = YES_ERROR;
				CLANG_WARN_RANGE_LOOP_ANALYSIS = YES;
				CLANG_WARN_STRICT_PROTOTYPES = YES;
				CLANG_WARN_SUSPICIOUS_MOVE = YES;
				CLANG_WARN_UNGUARDED_AVAILABILITY = YES_AGGRESSIVE;
				CLANG_WARN_UNREACHABLE_CODE = YES;
				CLANG_WARN__DUPLICATE_METHOD_MATCH = YES;
				CODE_SIGN_IDENTITY = "iPhone Developer";
				COPY_PHASE_STRIP = NO;
				DEBUG_INFORMATION_FORMAT = dwarf;
				ENABLE_STRICT_OBJC_MSGSEND = YES;
				ENABLE_TESTABILITY = YES;
				GCC_C_LANGUAGE_STANDARD = gnu11;
				GCC_DYNAMIC_NO_PIC = NO;
				GCC_NO_COMMON_BLOCKS = YES;
				GCC_OPTIMIZATION_LEVEL = 0;
				GCC_PREPROCESSOR_DEFINITIONS = (
					"DEBUG=1",
					"$(inherited)",
				);
				GCC_WARN_64_TO_32_BIT_CONVERSION = YES;
				GCC_WARN_ABOUT_RETURN_TYPE = YES_ERROR;
				GCC_WARN_UNDECLARED_SELECTOR = YES;
				GCC_WARN_UNINITIALIZED_AUTOS = YES_AGGRESSIVE;
				GCC_WARN_UNUSED_FUNCTION = YES;
				GCC_WARN_UNUSED_VARIABLE = YES;
				IPHONEOS_DEPLOYMENT_TARGET = 11.0;
				MTL_ENABLE_DEBUG_INFO = YES;
				ONLY_ACTIVE_ARCH = YES;
				SDKROOT = iphoneos;
				SWIFT_ACTIVE_COMPILATION_CONDITIONS = DEBUG;
				SWIFT_OPTIMIZATION_LEVEL = "-Onone";
			};
			name = Debug;
		};
		F09922641F40A43B001B4BCC /* Release */ = {
			isa = XCBuildConfiguration;
			buildSettings = {
				ALWAYS_SEARCH_USER_PATHS = NO;
				CLANG_ANALYZER_NONNULL = YES;
				CLANG_ANALYZER_NUMBER_OBJECT_CONVERSION = YES_AGGRESSIVE;
				CLANG_CXX_LANGUAGE_STANDARD = "gnu++14";
				CLANG_CXX_LIBRARY = "libc++";
				CLANG_ENABLE_MODULES = YES;
				CLANG_ENABLE_OBJC_ARC = YES;
				CLANG_WARN_BLOCK_CAPTURE_AUTORELEASING = YES;
				CLANG_WARN_BOOL_CONVERSION = YES;
				CLANG_WARN_COMMA = YES;
				CLANG_WARN_CONSTANT_CONVERSION = YES;
				CLANG_WARN_DIRECT_OBJC_ISA_USAGE = YES_ERROR;
				CLANG_WARN_DOCUMENTATION_COMMENTS = YES;
				CLANG_WARN_EMPTY_BODY = YES;
				CLANG_WARN_ENUM_CONVERSION = YES;
				CLANG_WARN_INFINITE_RECURSION = YES;
				CLANG_WARN_INT_CONVERSION = YES;
				CLANG_WARN_NON_LITERAL_NULL_CONVERSION = YES;
				CLANG_WARN_OBJC_LITERAL_CONVERSION = YES;
				CLANG_WARN_OBJC_ROOT_CLASS = YES_ERROR;
				CLANG_WARN_RANGE_LOOP_ANALYSIS = YES;
				CLANG_WARN_STRICT_PROTOTYPES = YES;
				CLANG_WARN_SUSPICIOUS_MOVE = YES;
				CLANG_WARN_UNGUARDED_AVAILABILITY = YES_AGGRESSIVE;
				CLANG_WARN_UNREACHABLE_CODE = YES;
				CLANG_WARN__DUPLICATE_METHOD_MATCH = YES;
				CODE_SIGN_IDENTITY = "iPhone Developer";
				COPY_PHASE_STRIP = NO;
				DEBUG_INFORMATION_FORMAT = "dwarf-with-dsym";
				ENABLE_NS_ASSERTIONS = NO;
				ENABLE_STRICT_OBJC_MSGSEND = YES;
				GCC_C_LANGUAGE_STANDARD = gnu11;
				GCC_NO_COMMON_BLOCKS = YES;
				GCC_WARN_64_TO_32_BIT_CONVERSION = YES;
				GCC_WARN_ABOUT_RETURN_TYPE = YES_ERROR;
				GCC_WARN_UNDECLARED_SELECTOR = YES;
				GCC_WARN_UNINITIALIZED_AUTOS = YES_AGGRESSIVE;
				GCC_WARN_UNUSED_FUNCTION = YES;
				GCC_WARN_UNUSED_VARIABLE = YES;
				IPHONEOS_DEPLOYMENT_TARGET = 11.0;
				MTL_ENABLE_DEBUG_INFO = NO;
				SDKROOT = iphoneos;
				SWIFT_OPTIMIZATION_LEVEL = "-Owholemodule";
				VALIDATE_PRODUCT = YES;
			};
			name = Release;
		};
		F09922661F40A43B001B4BCC /* Debug */ = {
			isa = XCBuildConfiguration;
			baseConfigurationReference = 36D77387B17C4458DC39141D /* Pods-Cabbie.debug.xcconfig */;
			buildSettings = {
				ASSETCATALOG_COMPILER_APPICON_NAME = AppIcon;
				DEVELOPMENT_TEAM = 3UB6S2K343;
				INFOPLIST_FILE = Cabbie/Info.plist;
				LD_RUNPATH_SEARCH_PATHS = "$(inherited) @executable_path/Frameworks";
				PRODUCT_BUNDLE_IDENTIFIER = com.CVBuilts.Cabbie;
				PRODUCT_NAME = "$(TARGET_NAME)";
				SWIFT_VERSION = 4.0;
				TARGETED_DEVICE_FAMILY = "1,2";
			};
			name = Debug;
		};
		F09922671F40A43B001B4BCC /* Release */ = {
			isa = XCBuildConfiguration;
			baseConfigurationReference = FC08375AE6897D79A983E558 /* Pods-Cabbie.release.xcconfig */;
			buildSettings = {
				ASSETCATALOG_COMPILER_APPICON_NAME = AppIcon;
				DEVELOPMENT_TEAM = 3UB6S2K343;
				INFOPLIST_FILE = Cabbie/Info.plist;
				LD_RUNPATH_SEARCH_PATHS = "$(inherited) @executable_path/Frameworks";
				PRODUCT_BUNDLE_IDENTIFIER = com.CVBuilts.Cabbie;
				PRODUCT_NAME = "$(TARGET_NAME)";
				SWIFT_VERSION = 4.0;
				TARGETED_DEVICE_FAMILY = "1,2";
			};
			name = Release;
		};
/* End XCBuildConfiguration section */

/* Begin XCConfigurationList section */
		F099224B1F40A43B001B4BCC /* Build configuration list for PBXProject "Cabbie" */ = {
			isa = XCConfigurationList;
			buildConfigurations = (
				F09922631F40A43B001B4BCC /* Debug */,
				F09922641F40A43B001B4BCC /* Release */,
			);
			defaultConfigurationIsVisible = 0;
			defaultConfigurationName = Release;
		};
		F09922651F40A43B001B4BCC /* Build configuration list for PBXNativeTarget "Cabbie" */ = {
			isa = XCConfigurationList;
			buildConfigurations = (
				F09922661F40A43B001B4BCC /* Debug */,
				F09922671F40A43B001B4BCC /* Release */,
			);
			defaultConfigurationIsVisible = 0;
			defaultConfigurationName = Release;
		};
/* End XCConfigurationList section */

/* Begin XCVersionGroup section */
		F099225A1F40A43B001B4BCC /* Cabbie.xcdatamodeld */ = {
			isa = XCVersionGroup;
			children = (
				F099225B1F40A43B001B4BCC /* Cabbie.xcdatamodel */,
			);
			currentVersion = F099225B1F40A43B001B4BCC /* Cabbie.xcdatamodel */;
			path = Cabbie.xcdatamodeld;
			sourceTree = "<group>";
			versionGroupType = wrapper.xcdatamodel;
		};
/* End XCVersionGroup section */
	};
	rootObject = F09922481F40A43B001B4BCC /* Project object */;
}
